
Microsoft Visual Studio Solution File, Format Version 12.00
# Visual Studio Version 16
VisualStudioVersion = 16.0.31129.286
MinimumVisualStudioVersion = 10.0.40219.1
Project("{9A19103F-16F7-4668-BE54-9A1E7A4F7556}") = "dijnet", "dijnet\dijnet.csproj", "{BBC090E4-9835-4045-A10A-2F296BC2BB4B}"
EndProject
Project("{FAE04EC0-301F-11D3-BF4B-00C04F79EFBC}") = "Processor", "Processor\Processor.csproj", "{30DE6B54-BB12-4820-86D9-0D3ADDBEE65A}"
EndProject
Global
	GlobalSection(SolutionConfigurationPlatforms) = preSolution
		Debug|Any CPU = Debug|Any CPU
		Release|Any CPU = Release|Any CPU
	EndGlobalSection
	GlobalSection(ProjectConfigurationPlatforms) = postSolution
		{BBC090E4-9835-4045-A10A-2F296BC2BB4B}.Debug|Any CPU.ActiveCfg = Debug|Any CPU
		{BBC090E4-9835-4045-A10A-2F296BC2BB4B}.Debug|Any CPU.Build.0 = Debug|Any CPU
		{BBC090E4-9835-4045-A10A-2F296BC2BB4B}.Release|Any CPU.ActiveCfg = Release|Any CPU
		{BBC090E4-9835-4045-A10A-2F296BC2BB4B}.Release|Any CPU.Build.0 = Release|Any CPU
		{30DE6B54-BB12-4820-86D9-0D3ADDBEE65A}.Debug|Any CPU.ActiveCfg = Debug|Any CPU
		{30DE6B54-BB12-4820-86D9-0D3ADDBEE65A}.Debug|Any CPU.Build.0 = Debug|Any CPU
		{30DE6B54-BB12-4820-86D9-0D3ADDBEE65A}.Release|Any CPU.ActiveCfg = Release|Any CPU
		{30DE6B54-BB12-4820-86D9-0D3ADDBEE65A}.Release|Any CPU.Build.0 = Release|Any CPU
	EndGlobalSection
	GlobalSection(SolutionProperties) = preSolution
		HideSolutionNode = FALSE
	EndGlobalSection
	GlobalSection(ExtensibilityGlobals) = postSolution
		SolutionGuid = {CF1F9973-DBAE-48E6-904E-2E0383CE9B7D}
	EndGlobalSection
EndGlobal
